
Microsoft Visual Studio Solution File, Format Version 12.00
# Visual Studio Version 17
VisualStudioVersion = 17.10.34916.146
MinimumVisualStudioVersion = 10.0.40219.1
Project("{9A19103F-16F7-4668-BE54-9A1E7A4F7556}") = "StreamingGrpcServer", "StreamingGrpcServer\StreamingGrpcServer.csproj", "{AE624D49-A9E3-4665-8724-CA4224B52A87}"
EndProject
Global
	GlobalSection(SolutionConfigurationPlatforms) = preSolution
		Debug|Any CPU = Debug|Any CPU
		Release|Any CPU = Release|Any CPU
	EndGlobalSection
	GlobalSection(ProjectConfigurationPlatforms) = postSolution
		{AE624D49-A9E3-4665-8724-CA4224B52A87}.Debug|Any CPU.ActiveCfg = Debug|Any CPU
		{AE624D49-A9E3-4665-8724-CA4224B52A87}.Debug|Any CPU.Build.0 = Debug|Any CPU
		{AE624D49-A9E3-4665-8724-CA4224B52A87}.Release|Any CPU.ActiveCfg = Release|Any CPU
		{AE624D49-A9E3-4665-8724-CA4224B52A87}.Release|Any CPU.Build.0 = Release|Any CPU
	EndGlobalSection
	GlobalSection(SolutionProperties) = preSolution
		HideSolutionNode = FALSE
	EndGlobalSection
	GlobalSection(ExtensibilityGlobals) = postSolution
		SolutionGuid = {1E0AA26F-57A6-48A4-977F-D219C8D2FE08}
	EndGlobalSection
EndGlobal
